
Microsoft Visual Studio Solution File, Format Version 12.00
# Visual Studio Version 17
VisualStudioVersion = 17.9.34902.65
MinimumVisualStudioVersion = 10.0.40219.1
Project("{9A19103F-16F7-4668-BE54-9A1E7A4F7556}") = "SchooHRAdministration", "SchooHRAdministration.csproj", "{223CB8F4-FD59-48DC-ACE8-2D27662E847C}"
EndProject
Project("{9A19103F-16F7-4668-BE54-9A1E7A4F7556}") = "HRAdministrationAPI", "..\HRAdministrationAPI\HRAdministrationAPI.csproj", "{391C0220-3D4C-4AA6-9C90-A20E3094C4F4}"
EndProject
Global
	GlobalSection(SolutionConfigurationPlatforms) = preSolution
		Debug|Any CPU = Debug|Any CPU
		Release|Any CPU = Release|Any CPU
	EndGlobalSection
	GlobalSection(ProjectConfigurationPlatforms) = postSolution
		{223CB8F4-FD59-48DC-ACE8-2D27662E847C}.Debug|Any CPU.ActiveCfg = Debug|Any CPU
		{223CB8F4-FD59-48DC-ACE8-2D27662E847C}.Debug|Any CPU.Build.0 = Debug|Any CPU
		{223CB8F4-FD59-48DC-ACE8-2D27662E847C}.Release|Any CPU.ActiveCfg = Release|Any CPU
		{223CB8F4-FD59-48DC-ACE8-2D27662E847C}.Release|Any CPU.Build.0 = Release|Any CPU
		{391C0220-3D4C-4AA6-9C90-A20E3094C4F4}.Debug|Any CPU.ActiveCfg = Debug|Any CPU
		{391C0220-3D4C-4AA6-9C90-A20E3094C4F4}.Debug|Any CPU.Build.0 = Debug|Any CPU
		{391C0220-3D4C-4AA6-9C90-A20E3094C4F4}.Release|Any CPU.ActiveCfg = Release|Any CPU
		{391C0220-3D4C-4AA6-9C90-A20E3094C4F4}.Release|Any CPU.Build.0 = Release|Any CPU
	EndGlobalSection
	GlobalSection(SolutionProperties) = preSolution
		HideSolutionNode = FALSE
	EndGlobalSection
	GlobalSection(ExtensibilityGlobals) = postSolution
		SolutionGuid = {5987765E-03CC-4178-8D31-3CAB8E506B8D}
	EndGlobalSection
EndGlobal
