
Microsoft Visual Studio Solution File, Format Version 12.00
# Visual Studio Version 17
VisualStudioVersion = 17.9.34902.65
MinimumVisualStudioVersion = 10.0.40219.1
Project("{FAE04EC0-301F-11D3-BF4B-00C04F79EFBC}") = "WpfApp1", "WpfApp1.csproj", "{834133A6-A9C1-47B6-9351-D1C3D44D4526}"
EndProject
Global
	GlobalSection(SolutionConfigurationPlatforms) = preSolution
		Debug|Any CPU = Debug|Any CPU
		Release|Any CPU = Release|Any CPU
	EndGlobalSection
	GlobalSection(ProjectConfigurationPlatforms) = postSolution
		{834133A6-A9C1-47B6-9351-D1C3D44D4526}.Debug|Any CPU.ActiveCfg = Debug|Any CPU
		{834133A6-A9C1-47B6-9351-D1C3D44D4526}.Debug|Any CPU.Build.0 = Debug|Any CPU
		{834133A6-A9C1-47B6-9351-D1C3D44D4526}.Release|Any CPU.ActiveCfg = Release|Any CPU
		{834133A6-A9C1-47B6-9351-D1C3D44D4526}.Release|Any CPU.Build.0 = Release|Any CPU
	EndGlobalSection
	GlobalSection(SolutionProperties) = preSolution
		HideSolutionNode = FALSE
	EndGlobalSection
	GlobalSection(ExtensibilityGlobals) = postSolution
		SolutionGuid = {150299BE-AF2E-4CA8-8C49-913E55431F1B}
	EndGlobalSection
EndGlobal
