
Microsoft Visual Studio Solution File, Format Version 12.00
# Visual Studio Version 17
VisualStudioVersion = 17.9.34902.65
MinimumVisualStudioVersion = 10.0.40219.1
Project("{FAE04EC0-301F-11D3-BF4B-00C04F79EFBC}") = "ConsoleApp15", "ConsoleApp15.csproj", "{6DB7289D-791C-447D-B84F-5E279037C993}"
EndProject
Global
	GlobalSection(SolutionConfigurationPlatforms) = preSolution
		Debug|Any CPU = Debug|Any CPU
		Release|Any CPU = Release|Any CPU
	EndGlobalSection
	GlobalSection(ProjectConfigurationPlatforms) = postSolution
		{6DB7289D-791C-447D-B84F-5E279037C993}.Debug|Any CPU.ActiveCfg = Debug|Any CPU
		{6DB7289D-791C-447D-B84F-5E279037C993}.Debug|Any CPU.Build.0 = Debug|Any CPU
		{6DB7289D-791C-447D-B84F-5E279037C993}.Release|Any CPU.ActiveCfg = Release|Any CPU
		{6DB7289D-791C-447D-B84F-5E279037C993}.Release|Any CPU.Build.0 = Release|Any CPU
	EndGlobalSection
	GlobalSection(SolutionProperties) = preSolution
		HideSolutionNode = FALSE
	EndGlobalSection
	GlobalSection(ExtensibilityGlobals) = postSolution
		SolutionGuid = {18F6F800-BD69-4A9B-99D0-B402E78144D7}
	EndGlobalSection
EndGlobal
