
Microsoft Visual Studio Solution File, Format Version 12.00
# Visual Studio Version 17
VisualStudioVersion = 17.9.34902.65
MinimumVisualStudioVersion = 10.0.40219.1
Project("{FAE04EC0-301F-11D3-BF4B-00C04F79EFBC}") = "Delegates", "Delegates.csproj", "{D7A85D5B-0292-4E3A-B09C-60BDDCBD50C2}"
EndProject
Global
	GlobalSection(SolutionConfigurationPlatforms) = preSolution
		Debug|Any CPU = Debug|Any CPU
		Release|Any CPU = Release|Any CPU
	EndGlobalSection
	GlobalSection(ProjectConfigurationPlatforms) = postSolution
		{D7A85D5B-0292-4E3A-B09C-60BDDCBD50C2}.Debug|Any CPU.ActiveCfg = Debug|Any CPU
		{D7A85D5B-0292-4E3A-B09C-60BDDCBD50C2}.Debug|Any CPU.Build.0 = Debug|Any CPU
		{D7A85D5B-0292-4E3A-B09C-60BDDCBD50C2}.Release|Any CPU.ActiveCfg = Release|Any CPU
		{D7A85D5B-0292-4E3A-B09C-60BDDCBD50C2}.Release|Any CPU.Build.0 = Release|Any CPU
	EndGlobalSection
	GlobalSection(SolutionProperties) = preSolution
		HideSolutionNode = FALSE
	EndGlobalSection
	GlobalSection(ExtensibilityGlobals) = postSolution
		SolutionGuid = {C877861C-D64E-4FCE-A923-8EBBC5652AEB}
	EndGlobalSection
EndGlobal
