
Microsoft Visual Studio Solution File, Format Version 12.00
# Visual Studio Version 17
VisualStudioVersion = 17.9.34902.65
MinimumVisualStudioVersion = 10.0.40219.1
Project("{FAE04EC0-301F-11D3-BF4B-00C04F79EFBC}") = "EventApplication", "EventApplication.csproj", "{031DEDBF-D30D-4389-9A94-050A3EF124FF}"
EndProject
Global
	GlobalSection(SolutionConfigurationPlatforms) = preSolution
		Debug|Any CPU = Debug|Any CPU
		Release|Any CPU = Release|Any CPU
	EndGlobalSection
	GlobalSection(ProjectConfigurationPlatforms) = postSolution
		{031DEDBF-D30D-4389-9A94-050A3EF124FF}.Debug|Any CPU.ActiveCfg = Debug|Any CPU
		{031DEDBF-D30D-4389-9A94-050A3EF124FF}.Debug|Any CPU.Build.0 = Debug|Any CPU
		{031DEDBF-D30D-4389-9A94-050A3EF124FF}.Release|Any CPU.ActiveCfg = Release|Any CPU
		{031DEDBF-D30D-4389-9A94-050A3EF124FF}.Release|Any CPU.Build.0 = Release|Any CPU
	EndGlobalSection
	GlobalSection(SolutionProperties) = preSolution
		HideSolutionNode = FALSE
	EndGlobalSection
	GlobalSection(ExtensibilityGlobals) = postSolution
		SolutionGuid = {E384842F-80DA-4BEC-993D-680C921A404B}
	EndGlobalSection
EndGlobal
