
Microsoft Visual Studio Solution File, Format Version 12.00
# Visual Studio Version 17
VisualStudioVersion = 17.9.34902.65
MinimumVisualStudioVersion = 10.0.40219.1
Project("{FAE04EC0-301F-11D3-BF4B-00C04F79EFBC}") = "ConsoleApp4", "ConsoleApp4.csproj", "{4A5574FB-2058-4186-8C8E-D5A1417F0F3A}"
EndProject
Global
	GlobalSection(SolutionConfigurationPlatforms) = preSolution
		Debug|Any CPU = Debug|Any CPU
		Release|Any CPU = Release|Any CPU
	EndGlobalSection
	GlobalSection(ProjectConfigurationPlatforms) = postSolution
		{4A5574FB-2058-4186-8C8E-D5A1417F0F3A}.Debug|Any CPU.ActiveCfg = Debug|Any CPU
		{4A5574FB-2058-4186-8C8E-D5A1417F0F3A}.Debug|Any CPU.Build.0 = Debug|Any CPU
		{4A5574FB-2058-4186-8C8E-D5A1417F0F3A}.Release|Any CPU.ActiveCfg = Release|Any CPU
		{4A5574FB-2058-4186-8C8E-D5A1417F0F3A}.Release|Any CPU.Build.0 = Release|Any CPU
	EndGlobalSection
	GlobalSection(SolutionProperties) = preSolution
		HideSolutionNode = FALSE
	EndGlobalSection
	GlobalSection(ExtensibilityGlobals) = postSolution
		SolutionGuid = {D2ED96C4-AE41-4A1F-869F-3D55CAE33E85}
	EndGlobalSection
EndGlobal
